{
  "pins" : [
    {
      "identity" : "grdb.swift",
      "kind" : "remoteSourceControl",
      "location" : "https://github.com/groue/GRDB.swift.git",
      "state" : {
        "revision" : "2ac5c773537622b1520fdde3efc1a216119359ff",
        "version" : "5.24.1"
      }
    },
    {
      "identity" : "grdbquery",
      "kind" : "remoteSourceControl",
      "location" : "https://github.com/groue/GRDBQuery",
      "state" : {
        "revision" : "85e4df0331b579a8520edac2b9e10770f9552881",
        "version" : "0.4.0"
      }
    }
  ],
  "version" : 2
}
